
Microsoft Visual Studio Solution File, Format Version 12.00
# Visual Studio Version 16
VisualStudioVersion = 16.0.30204.135
MinimumVisualStudioVersion = 10.0.40219.1
Project("{8BC9CEB8-8B4A-11D0-8D11-00A0C91BC942}") = "Lesson_1_modul", "Lesson_1_modul\Lesson_1_modul.vcxproj", "{33C68DE8-4593-459B-B272-B154C89F3245}"
EndProject
Project("{8BC9CEB8-8B4A-11D0-8D11-00A0C91BC942}") = "Lesson_2_Server", "Lesson_2_Server\Lesson_2_Server.vcxproj", "{FC8F87A3-FEFE-4A44-9400-8C907AC30F60}"
EndProject
Project("{8BC9CEB8-8B4A-11D0-8D11-00A0C91BC942}") = "Lesson_3_Client", "Lesson_3_Client\Lesson_3_Client.vcxproj", "{4D6171A9-83F3-4DC4-A786-579DA2935F27}"
EndProject
Project("{8BC9CEB8-8B4A-11D0-8D11-00A0C91BC942}") = "Lesson_4_Server", "Lesson_4_Server\Lesson_4_Server.vcxproj", "{E25572C4-35F9-4649-80FF-1078CA0C410B}"
EndProject
Project("{8BC9CEB8-8B4A-11D0-8D11-00A0C91BC942}") = "Lesson_5_Client", "Lesson_5_Client\Lesson_5_Client.vcxproj", "{A148FBBB-854E-40C6-80DC-FE918233C4AB}"
EndProject
Project("{8BC9CEB8-8B4A-11D0-8D11-00A0C91BC942}") = "Lesson_6_Server", "Lesson_6_Server\Lesson_6_Server.vcxproj", "{140181FF-1432-486F-BC83-0CDD767A809D}"
EndProject
Project("{8BC9CEB8-8B4A-11D0-8D11-00A0C91BC942}") = "Lesson_6_Client", "Lesson_6_Client\Lesson_6_Client.vcxproj", "{7DB9C9A6-1AD6-4EC7-8F1D-4FF9194DC46A}"
EndProject
Project("{8BC9CEB8-8B4A-11D0-8D11-00A0C91BC942}") = "Lesson_7_Server", "Lesson_7_Server\Lesson_7_Server.vcxproj", "{2D512088-05DA-4A16-9A3C-49CBD1567E3C}"
EndProject
Project("{8BC9CEB8-8B4A-11D0-8D11-00A0C91BC942}") = "Lesson_7_Client", "Lesson_7_Client\Lesson_7_Client.vcxproj", "{C53510C0-DBA2-401E-804F-AAE17E803116}"
EndProject
Project("{8BC9CEB8-8B4A-11D0-8D11-00A0C91BC942}") = "Lesson_8_Server", "Lesson_8_Server\Lesson_8_Server.vcxproj", "{53983CCA-887E-425C-A9A2-1600BB6E8978}"
EndProject
Project("{8BC9CEB8-8B4A-11D0-8D11-00A0C91BC942}") = "Lesson_8_Client", "Lesson_8_Client\Lesson_8_Client.vcxproj", "{64F988BC-B854-4E65-B0BC-AA518B4A7625}"
EndProject
Global
	GlobalSection(SolutionConfigurationPlatforms) = preSolution
		Debug|x64 = Debug|x64
		Debug|x86 = Debug|x86
		Release|x64 = Release|x64
		Release|x86 = Release|x86
	EndGlobalSection
	GlobalSection(ProjectConfigurationPlatforms) = postSolution
		{33C68DE8-4593-459B-B272-B154C89F3245}.Debug|x64.ActiveCfg = Debug|x64
		{33C68DE8-4593-459B-B272-B154C89F3245}.Debug|x64.Build.0 = Debug|x64
		{33C68DE8-4593-459B-B272-B154C89F3245}.Debug|x86.ActiveCfg = Debug|Win32
		{33C68DE8-4593-459B-B272-B154C89F3245}.Debug|x86.Build.0 = Debug|Win32
		{33C68DE8-4593-459B-B272-B154C89F3245}.Release|x64.ActiveCfg = Release|x64
		{33C68DE8-4593-459B-B272-B154C89F3245}.Release|x64.Build.0 = Release|x64
		{33C68DE8-4593-459B-B272-B154C89F3245}.Release|x86.ActiveCfg = Release|Win32
		{33C68DE8-4593-459B-B272-B154C89F3245}.Release|x86.Build.0 = Release|Win32
		{FC8F87A3-FEFE-4A44-9400-8C907AC30F60}.Debug|x64.ActiveCfg = Debug|x64
		{FC8F87A3-FEFE-4A44-9400-8C907AC30F60}.Debug|x64.Build.0 = Debug|x64
		{FC8F87A3-FEFE-4A44-9400-8C907AC30F60}.Debug|x86.ActiveCfg = Debug|Win32
		{FC8F87A3-FEFE-4A44-9400-8C907AC30F60}.Debug|x86.Build.0 = Debug|Win32
		{FC8F87A3-FEFE-4A44-9400-8C907AC30F60}.Release|x64.ActiveCfg = Release|x64
		{FC8F87A3-FEFE-4A44-9400-8C907AC30F60}.Release|x64.Build.0 = Release|x64
		{FC8F87A3-FEFE-4A44-9400-8C907AC30F60}.Release|x86.ActiveCfg = Release|Win32
		{FC8F87A3-FEFE-4A44-9400-8C907AC30F60}.Release|x86.Build.0 = Release|Win32
		{4D6171A9-83F3-4DC4-A786-579DA2935F27}.Debug|x64.ActiveCfg = Debug|x64
		{4D6171A9-83F3-4DC4-A786-579DA2935F27}.Debug|x64.Build.0 = Debug|x64
		{4D6171A9-83F3-4DC4-A786-579DA2935F27}.Debug|x86.ActiveCfg = Debug|Win32
		{4D6171A9-83F3-4DC4-A786-579DA2935F27}.Debug|x86.Build.0 = Debug|Win32
		{4D6171A9-83F3-4DC4-A786-579DA2935F27}.Release|x64.ActiveCfg = Release|x64
		{4D6171A9-83F3-4DC4-A786-579DA2935F27}.Release|x64.Build.0 = Release|x64
		{4D6171A9-83F3-4DC4-A786-579DA2935F27}.Release|x86.ActiveCfg = Release|Win32
		{4D6171A9-83F3-4DC4-A786-579DA2935F27}.Release|x86.Build.0 = Release|Win32
		{E25572C4-35F9-4649-80FF-1078CA0C410B}.Debug|x64.ActiveCfg = Debug|x64
		{E25572C4-35F9-4649-80FF-1078CA0C410B}.Debug|x64.Build.0 = Debug|x64
		{E25572C4-35F9-4649-80FF-1078CA0C410B}.Debug|x86.ActiveCfg = Debug|Win32
		{E25572C4-35F9-4649-80FF-1078CA0C410B}.Debug|x86.Build.0 = Debug|Win32
		{E25572C4-35F9-4649-80FF-1078CA0C410B}.Release|x64.ActiveCfg = Release|x64
		{E25572C4-35F9-4649-80FF-1078CA0C410B}.Release|x64.Build.0 = Release|x64
		{E25572C4-35F9-4649-80FF-1078CA0C410B}.Release|x86.ActiveCfg = Release|Win32
		{E25572C4-35F9-4649-80FF-1078CA0C410B}.Release|x86.Build.0 = Release|Win32
		{A148FBBB-854E-40C6-80DC-FE918233C4AB}.Debug|x64.ActiveCfg = Debug|x64
		{A148FBBB-854E-40C6-80DC-FE918233C4AB}.Debug|x64.Build.0 = Debug|x64
		{A148FBBB-854E-40C6-80DC-FE918233C4AB}.Debug|x86.ActiveCfg = Debug|Win32
		{A148FBBB-854E-40C6-80DC-FE918233C4AB}.Debug|x86.Build.0 = Debug|Win32
		{A148FBBB-854E-40C6-80DC-FE918233C4AB}.Release|x64.ActiveCfg = Release|x64
		{A148FBBB-854E-40C6-80DC-FE918233C4AB}.Release|x64.Build.0 = Release|x64
		{A148FBBB-854E-40C6-80DC-FE918233C4AB}.Release|x86.ActiveCfg = Release|Win32
		{A148FBBB-854E-40C6-80DC-FE918233C4AB}.Release|x86.Build.0 = Release|Win32
		{140181FF-1432-486F-BC83-0CDD767A809D}.Debug|x64.ActiveCfg = Debug|x64
		{140181FF-1432-486F-BC83-0CDD767A809D}.Debug|x64.Build.0 = Debug|x64
		{140181FF-1432-486F-BC83-0CDD767A809D}.Debug|x86.ActiveCfg = Debug|Win32
		{140181FF-1432-486F-BC83-0CDD767A809D}.Debug|x86.Build.0 = Debug|Win32
		{140181FF-1432-486F-BC83-0CDD767A809D}.Release|x64.ActiveCfg = Release|x64
		{140181FF-1432-486F-BC83-0CDD767A809D}.Release|x64.Build.0 = Release|x64
		{140181FF-1432-486F-BC83-0CDD767A809D}.Release|x86.ActiveCfg = Release|Win32
		{140181FF-1432-486F-BC83-0CDD767A809D}.Release|x86.Build.0 = Release|Win32
		{7DB9C9A6-1AD6-4EC7-8F1D-4FF9194DC46A}.Debug|x64.ActiveCfg = Debug|x64
		{7DB9C9A6-1AD6-4EC7-8F1D-4FF9194DC46A}.Debug|x64.Build.0 = Debug|x64
		{7DB9C9A6-1AD6-4EC7-8F1D-4FF9194DC46A}.Debug|x86.ActiveCfg = Debug|Win32
		{7DB9C9A6-1AD6-4EC7-8F1D-4FF9194DC46A}.Debug|x86.Build.0 = Debug|Win32
		{7DB9C9A6-1AD6-4EC7-8F1D-4FF9194DC46A}.Release|x64.ActiveCfg = Release|x64
		{7DB9C9A6-1AD6-4EC7-8F1D-4FF9194DC46A}.Release|x64.Build.0 = Release|x64
		{7DB9C9A6-1AD6-4EC7-8F1D-4FF9194DC46A}.Release|x86.ActiveCfg = Release|Win32
		{7DB9C9A6-1AD6-4EC7-8F1D-4FF9194DC46A}.Release|x86.Build.0 = Release|Win32
		{2D512088-05DA-4A16-9A3C-49CBD1567E3C}.Debug|x64.ActiveCfg = Debug|x64
		{2D512088-05DA-4A16-9A3C-49CBD1567E3C}.Debug|x64.Build.0 = Debug|x64
		{2D512088-05DA-4A16-9A3C-49CBD1567E3C}.Debug|x86.ActiveCfg = Debug|Win32
		{2D512088-05DA-4A16-9A3C-49CBD1567E3C}.Debug|x86.Build.0 = Debug|Win32
		{2D512088-05DA-4A16-9A3C-49CBD1567E3C}.Release|x64.ActiveCfg = Release|x64
		{2D512088-05DA-4A16-9A3C-49CBD1567E3C}.Release|x64.Build.0 = Release|x64
		{2D512088-05DA-4A16-9A3C-49CBD1567E3C}.Release|x86.ActiveCfg = Release|Win32
		{2D512088-05DA-4A16-9A3C-49CBD1567E3C}.Release|x86.Build.0 = Release|Win32
		{C53510C0-DBA2-401E-804F-AAE17E803116}.Debug|x64.ActiveCfg = Debug|x64
		{C53510C0-DBA2-401E-804F-AAE17E803116}.Debug|x64.Build.0 = Debug|x64
		{C53510C0-DBA2-401E-804F-AAE17E803116}.Debug|x86.ActiveCfg = Debug|Win32
		{C53510C0-DBA2-401E-804F-AAE17E803116}.Debug|x86.Build.0 = Debug|Win32
		{C53510C0-DBA2-401E-804F-AAE17E803116}.Release|x64.ActiveCfg = Release|x64
		{C53510C0-DBA2-401E-804F-AAE17E803116}.Release|x64.Build.0 = Release|x64
		{C53510C0-DBA2-401E-804F-AAE17E803116}.Release|x86.ActiveCfg = Release|Win32
		{C53510C0-DBA2-401E-804F-AAE17E803116}.Release|x86.Build.0 = Release|Win32
		{53983CCA-887E-425C-A9A2-1600BB6E8978}.Debug|x64.ActiveCfg = Debug|x64
		{53983CCA-887E-425C-A9A2-1600BB6E8978}.Debug|x64.Build.0 = Debug|x64
		{53983CCA-887E-425C-A9A2-1600BB6E8978}.Debug|x86.ActiveCfg = Debug|Win32
		{53983CCA-887E-425C-A9A2-1600BB6E8978}.Debug|x86.Build.0 = Debug|Win32
		{53983CCA-887E-425C-A9A2-1600BB6E8978}.Release|x64.ActiveCfg = Release|x64
		{53983CCA-887E-425C-A9A2-1600BB6E8978}.Release|x64.Build.0 = Release|x64
		{53983CCA-887E-425C-A9A2-1600BB6E8978}.Release|x86.ActiveCfg = Release|Win32
		{53983CCA-887E-425C-A9A2-1600BB6E8978}.Release|x86.Build.0 = Release|Win32
		{64F988BC-B854-4E65-B0BC-AA518B4A7625}.Debug|x64.ActiveCfg = Debug|x64
		{64F988BC-B854-4E65-B0BC-AA518B4A7625}.Debug|x64.Build.0 = Debug|x64
		{64F988BC-B854-4E65-B0BC-AA518B4A7625}.Debug|x86.ActiveCfg = Debug|Win32
		{64F988BC-B854-4E65-B0BC-AA518B4A7625}.Debug|x86.Build.0 = Debug|Win32
		{64F988BC-B854-4E65-B0BC-AA518B4A7625}.Release|x64.ActiveCfg = Release|x64
		{64F988BC-B854-4E65-B0BC-AA518B4A7625}.Release|x64.Build.0 = Release|x64
		{64F988BC-B854-4E65-B0BC-AA518B4A7625}.Release|x86.ActiveCfg = Release|Win32
		{64F988BC-B854-4E65-B0BC-AA518B4A7625}.Release|x86.Build.0 = Release|Win32
	EndGlobalSection
	GlobalSection(SolutionProperties) = preSolution
		HideSolutionNode = FALSE
	EndGlobalSection
	GlobalSection(ExtensibilityGlobals) = postSolution
		SolutionGuid = {1B32E4BD-A625-4FDE-8A4F-3186BEE1DC40}
	EndGlobalSection
EndGlobal
